
Microsoft Visual Studio Solution File, Format Version 12.00
# Visual Studio Version 17
VisualStudioVersion = 17.4.33213.308
MinimumVisualStudioVersion = 10.0.40219.1
Project("{FAE04EC0-301F-11D3-BF4B-00C04F79EFBC}") = "UploadFIG", "UploadFIG\UploadFIG.csproj", "{680F29F8-524A-4512-8F1E-E9CFCE110D4B}"
EndProject
Project("{2150E333-8FDC-42A3-9474-1A3956D46DE8}") = "Solution Items", "Solution Items", "{DCEB2F57-6B32-4827-B049-C52228D654D8}"
	ProjectSection(SolutionItems) = preProject
		LICENSE.txt = LICENSE.txt
		README.md = README.md
	EndProjectSection
EndProject
Global
	GlobalSection(SolutionConfigurationPlatforms) = preSolution
		Debug|Any CPU = Debug|Any CPU
		Release|Any CPU = Release|Any CPU
	EndGlobalSection
	GlobalSection(ProjectConfigurationPlatforms) = postSolution
		{680F29F8-524A-4512-8F1E-E9CFCE110D4B}.Debug|Any CPU.ActiveCfg = Debug|Any CPU
		{680F29F8-524A-4512-8F1E-E9CFCE110D4B}.Debug|Any CPU.Build.0 = Debug|Any CPU
		{680F29F8-524A-4512-8F1E-E9CFCE110D4B}.Release|Any CPU.ActiveCfg = Release|Any CPU
		{680F29F8-524A-4512-8F1E-E9CFCE110D4B}.Release|Any CPU.Build.0 = Release|Any CPU
	EndGlobalSection
	GlobalSection(SolutionProperties) = preSolution
		HideSolutionNode = FALSE
	EndGlobalSection
	GlobalSection(ExtensibilityGlobals) = postSolution
		SolutionGuid = {5678D895-0CDA-4D04-B405-6987516B33EF}
	EndGlobalSection
EndGlobal
